
Microsoft Visual Studio Solution File, Format Version 12.00
# Visual Studio Version 17
VisualStudioVersion = 17.3.32901.215
MinimumVisualStudioVersion = 10.0.40219.1
Project("{FAE04EC0-301F-11D3-BF4B-00C04F79EFBC}") = "PhionGame", "PhionGame\PhionGame.csproj", "{171897B1-71F4-46A1-AED1-6F635D480C1D}"
EndProject
Global
	GlobalSection(SolutionConfigurationPlatforms) = preSolution
		Debug|Any CPU = Debug|Any CPU
		Release|Any CPU = Release|Any CPU
	EndGlobalSection
	GlobalSection(ProjectConfigurationPlatforms) = postSolution
		{171897B1-71F4-46A1-AED1-6F635D480C1D}.Debug|Any CPU.ActiveCfg = Debug|Any CPU
		{171897B1-71F4-46A1-AED1-6F635D480C1D}.Debug|Any CPU.Build.0 = Debug|Any CPU
		{171897B1-71F4-46A1-AED1-6F635D480C1D}.Release|Any CPU.ActiveCfg = Release|Any CPU
		{171897B1-71F4-46A1-AED1-6F635D480C1D}.Release|Any CPU.Build.0 = Release|Any CPU
	EndGlobalSection
	GlobalSection(SolutionProperties) = preSolution
		HideSolutionNode = FALSE
	EndGlobalSection
	GlobalSection(ExtensibilityGlobals) = postSolution
		SolutionGuid = {2E1578EF-7EF3-4003-85AA-F24414C331C4}
	EndGlobalSection
EndGlobal
